
Microsoft Visual Studio Solution File, Format Version 12.00
# Visual Studio Version 16
VisualStudioVersion = 16.0.29728.190
MinimumVisualStudioVersion = 10.0.40219.1
Project("{FAE04EC0-301F-11D3-BF4B-00C04F79EFBC}") = "agendaTelefonica", "agendaTelefonica\agendaTelefonica.csproj", "{F39A2716-9D74-43F1-9AD3-A0E1BB74D793}"
EndProject
Global
	GlobalSection(SolutionConfigurationPlatforms) = preSolution
		Debug|Any CPU = Debug|Any CPU
		Release|Any CPU = Release|Any CPU
	EndGlobalSection
	GlobalSection(ProjectConfigurationPlatforms) = postSolution
		{F39A2716-9D74-43F1-9AD3-A0E1BB74D793}.Debug|Any CPU.ActiveCfg = Debug|Any CPU
		{F39A2716-9D74-43F1-9AD3-A0E1BB74D793}.Debug|Any CPU.Build.0 = Debug|Any CPU
		{F39A2716-9D74-43F1-9AD3-A0E1BB74D793}.Release|Any CPU.ActiveCfg = Release|Any CPU
		{F39A2716-9D74-43F1-9AD3-A0E1BB74D793}.Release|Any CPU.Build.0 = Release|Any CPU
	EndGlobalSection
	GlobalSection(SolutionProperties) = preSolution
		HideSolutionNode = FALSE
	EndGlobalSection
	GlobalSection(ExtensibilityGlobals) = postSolution
		SolutionGuid = {A07F5E0D-74A0-4EE1-B444-3F795BC08571}
	EndGlobalSection
EndGlobal
