
Microsoft Visual Studio Solution File, Format Version 12.00
# Visual Studio Version 16
VisualStudioVersion = 16.0.29728.190
MinimumVisualStudioVersion = 10.0.40219.1
Project("{FAE04EC0-301F-11D3-BF4B-00C04F79EFBC}") = "cuentaBancaria", "cuentaBancaria\cuentaBancaria.csproj", "{A23EE643-C8EE-473D-A628-4A0241D4467A}"
EndProject
Global
	GlobalSection(SolutionConfigurationPlatforms) = preSolution
		Debug|Any CPU = Debug|Any CPU
		Release|Any CPU = Release|Any CPU
	EndGlobalSection
	GlobalSection(ProjectConfigurationPlatforms) = postSolution
		{A23EE643-C8EE-473D-A628-4A0241D4467A}.Debug|Any CPU.ActiveCfg = Debug|Any CPU
		{A23EE643-C8EE-473D-A628-4A0241D4467A}.Debug|Any CPU.Build.0 = Debug|Any CPU
		{A23EE643-C8EE-473D-A628-4A0241D4467A}.Release|Any CPU.ActiveCfg = Release|Any CPU
		{A23EE643-C8EE-473D-A628-4A0241D4467A}.Release|Any CPU.Build.0 = Release|Any CPU
	EndGlobalSection
	GlobalSection(SolutionProperties) = preSolution
		HideSolutionNode = FALSE
	EndGlobalSection
	GlobalSection(ExtensibilityGlobals) = postSolution
		SolutionGuid = {29271F5C-9A43-44F6-B749-22A8F42C8092}
	EndGlobalSection
EndGlobal
