
Microsoft Visual Studio Solution File, Format Version 12.00
# Visual Studio Version 16
VisualStudioVersion = 16.0.29728.190
MinimumVisualStudioVersion = 10.0.40219.1
Project("{FAE04EC0-301F-11D3-BF4B-00C04F79EFBC}") = "interfaz", "interfaz\interfaz.csproj", "{F1CBB073-85DA-4E54-8F02-2E1BCB898917}"
EndProject
Global
	GlobalSection(SolutionConfigurationPlatforms) = preSolution
		Debug|Any CPU = Debug|Any CPU
		Release|Any CPU = Release|Any CPU
	EndGlobalSection
	GlobalSection(ProjectConfigurationPlatforms) = postSolution
		{F1CBB073-85DA-4E54-8F02-2E1BCB898917}.Debug|Any CPU.ActiveCfg = Debug|Any CPU
		{F1CBB073-85DA-4E54-8F02-2E1BCB898917}.Debug|Any CPU.Build.0 = Debug|Any CPU
		{F1CBB073-85DA-4E54-8F02-2E1BCB898917}.Release|Any CPU.ActiveCfg = Release|Any CPU
		{F1CBB073-85DA-4E54-8F02-2E1BCB898917}.Release|Any CPU.Build.0 = Release|Any CPU
	EndGlobalSection
	GlobalSection(SolutionProperties) = preSolution
		HideSolutionNode = FALSE
	EndGlobalSection
	GlobalSection(ExtensibilityGlobals) = postSolution
		SolutionGuid = {9329D509-94C1-454E-8D6B-6A4235A81DD7}
	EndGlobalSection
EndGlobal
