
Microsoft Visual Studio Solution File, Format Version 12.00
# Visual Studio Version 16
VisualStudioVersion = 16.0.29728.190
MinimumVisualStudioVersion = 10.0.40219.1
Project("{FAE04EC0-301F-11D3-BF4B-00C04F79EFBC}") = "polimorfismo", "polimorfismo\polimorfismo.csproj", "{49D74BF5-AC29-4C71-A768-B1620C444EAF}"
EndProject
Global
	GlobalSection(SolutionConfigurationPlatforms) = preSolution
		Debug|Any CPU = Debug|Any CPU
		Release|Any CPU = Release|Any CPU
	EndGlobalSection
	GlobalSection(ProjectConfigurationPlatforms) = postSolution
		{49D74BF5-AC29-4C71-A768-B1620C444EAF}.Debug|Any CPU.ActiveCfg = Debug|Any CPU
		{49D74BF5-AC29-4C71-A768-B1620C444EAF}.Debug|Any CPU.Build.0 = Debug|Any CPU
		{49D74BF5-AC29-4C71-A768-B1620C444EAF}.Release|Any CPU.ActiveCfg = Release|Any CPU
		{49D74BF5-AC29-4C71-A768-B1620C444EAF}.Release|Any CPU.Build.0 = Release|Any CPU
	EndGlobalSection
	GlobalSection(SolutionProperties) = preSolution
		HideSolutionNode = FALSE
	EndGlobalSection
	GlobalSection(ExtensibilityGlobals) = postSolution
		SolutionGuid = {2AD3A9C7-3A54-42C3-9078-7B9AD321D960}
	EndGlobalSection
EndGlobal
